
Microsoft Visual Studio Solution File, Format Version 12.00
# Visual Studio 15
VisualStudioVersion = 15.0.27130.2003
MinimumVisualStudioVersion = 10.0.40219.1
Project("{2150E333-8FDC-42A3-9474-1A3956D46DE8}") = "External Projects", "External Projects", "{834E2005-7292-407F-B466-E2A1E7C61021}"
EndProject
Project("{FAE04EC0-301F-11D3-BF4B-00C04F79EFBC}") = "Aesalon", "Aesalon\Aesalon.csproj", "{CF983D73-3E33-482E-9C0B-FDDA9DFC0124}"
EndProject
Project("{FAE04EC0-301F-11D3-BF4B-00C04F79EFBC}") = "F4SharedMem", "F4SharedMem\F4SharedMem.csproj", "{5DD778B8-AB3E-4B23-B363-49F51FB28E76}"
EndProject
Project("{FAE04EC0-301F-11D3-BF4B-00C04F79EFBC}") = "SimplifiedCommon", "SimplifiedCommon\SimplifiedCommon.csproj", "{638452A8-ADB8-433C-AB4B-793083C7D4C0}"
EndProject
Project("{8BC9CEB8-8B4A-11D0-8D11-00A0C91BC942}") = "ArduinoGauge", "ArduinoGauge\ArduinoGauge.vcxproj", "{C5F80730-F44F-4478-BDAE-6634EFC2CA88}"
EndProject
Project("{FAE04EC0-301F-11D3-BF4B-00C04F79EFBC}") = "Aesalon.ArduinoDevices", "Aesalon.ArduinoDevices\Aesalon.ArduinoDevices.csproj", "{48CADDEA-38E1-42FC-9BC0-B753E4296FE1}"
EndProject
Project("{FAE04EC0-301F-11D3-BF4B-00C04F79EFBC}") = "F4SharedMemoryRecorder", "F4SharedMemoryRecorder\F4SharedMemoryRecorder.csproj", "{91C24FEE-184A-402F-A0A5-22B1157BBE38}"
EndProject
Global
	GlobalSection(SolutionConfigurationPlatforms) = preSolution
		Debug|Any CPU = Debug|Any CPU
		Debug|x86 = Debug|x86
		Release|Any CPU = Release|Any CPU
		Release|x86 = Release|x86
	EndGlobalSection
	GlobalSection(ProjectConfigurationPlatforms) = postSolution
		{CF983D73-3E33-482E-9C0B-FDDA9DFC0124}.Debug|Any CPU.ActiveCfg = Debug|Any CPU
		{CF983D73-3E33-482E-9C0B-FDDA9DFC0124}.Debug|Any CPU.Build.0 = Debug|Any CPU
		{CF983D73-3E33-482E-9C0B-FDDA9DFC0124}.Debug|x86.ActiveCfg = Debug|Any CPU
		{CF983D73-3E33-482E-9C0B-FDDA9DFC0124}.Debug|x86.Build.0 = Debug|Any CPU
		{CF983D73-3E33-482E-9C0B-FDDA9DFC0124}.Release|Any CPU.ActiveCfg = Release|Any CPU
		{CF983D73-3E33-482E-9C0B-FDDA9DFC0124}.Release|Any CPU.Build.0 = Release|Any CPU
		{CF983D73-3E33-482E-9C0B-FDDA9DFC0124}.Release|x86.ActiveCfg = Release|Any CPU
		{CF983D73-3E33-482E-9C0B-FDDA9DFC0124}.Release|x86.Build.0 = Release|Any CPU
		{5DD778B8-AB3E-4B23-B363-49F51FB28E76}.Debug|Any CPU.ActiveCfg = Debug|Any CPU
		{5DD778B8-AB3E-4B23-B363-49F51FB28E76}.Debug|Any CPU.Build.0 = Debug|Any CPU
		{5DD778B8-AB3E-4B23-B363-49F51FB28E76}.Debug|x86.ActiveCfg = Debug|Any CPU
		{5DD778B8-AB3E-4B23-B363-49F51FB28E76}.Debug|x86.Build.0 = Debug|Any CPU
		{5DD778B8-AB3E-4B23-B363-49F51FB28E76}.Release|Any CPU.ActiveCfg = Release|Any CPU
		{5DD778B8-AB3E-4B23-B363-49F51FB28E76}.Release|Any CPU.Build.0 = Release|Any CPU
		{5DD778B8-AB3E-4B23-B363-49F51FB28E76}.Release|x86.ActiveCfg = Release|Any CPU
		{5DD778B8-AB3E-4B23-B363-49F51FB28E76}.Release|x86.Build.0 = Release|Any CPU
		{638452A8-ADB8-433C-AB4B-793083C7D4C0}.Debug|Any CPU.ActiveCfg = Debug|Any CPU
		{638452A8-ADB8-433C-AB4B-793083C7D4C0}.Debug|Any CPU.Build.0 = Debug|Any CPU
		{638452A8-ADB8-433C-AB4B-793083C7D4C0}.Debug|x86.ActiveCfg = Debug|Any CPU
		{638452A8-ADB8-433C-AB4B-793083C7D4C0}.Debug|x86.Build.0 = Debug|Any CPU
		{638452A8-ADB8-433C-AB4B-793083C7D4C0}.Release|Any CPU.ActiveCfg = Release|Any CPU
		{638452A8-ADB8-433C-AB4B-793083C7D4C0}.Release|Any CPU.Build.0 = Release|Any CPU
		{638452A8-ADB8-433C-AB4B-793083C7D4C0}.Release|x86.ActiveCfg = Release|Any CPU
		{638452A8-ADB8-433C-AB4B-793083C7D4C0}.Release|x86.Build.0 = Release|Any CPU
		{C5F80730-F44F-4478-BDAE-6634EFC2CA88}.Debug|Any CPU.ActiveCfg = Debug|Win32
		{C5F80730-F44F-4478-BDAE-6634EFC2CA88}.Debug|x86.ActiveCfg = Debug|Win32
		{C5F80730-F44F-4478-BDAE-6634EFC2CA88}.Debug|x86.Build.0 = Debug|Win32
		{C5F80730-F44F-4478-BDAE-6634EFC2CA88}.Release|Any CPU.ActiveCfg = Release|Win32
		{C5F80730-F44F-4478-BDAE-6634EFC2CA88}.Release|x86.ActiveCfg = Release|Win32
		{C5F80730-F44F-4478-BDAE-6634EFC2CA88}.Release|x86.Build.0 = Release|Win32
		{48CADDEA-38E1-42FC-9BC0-B753E4296FE1}.Debug|Any CPU.ActiveCfg = Debug|Any CPU
		{48CADDEA-38E1-42FC-9BC0-B753E4296FE1}.Debug|Any CPU.Build.0 = Debug|Any CPU
		{48CADDEA-38E1-42FC-9BC0-B753E4296FE1}.Debug|x86.ActiveCfg = Debug|Any CPU
		{48CADDEA-38E1-42FC-9BC0-B753E4296FE1}.Debug|x86.Build.0 = Debug|Any CPU
		{48CADDEA-38E1-42FC-9BC0-B753E4296FE1}.Release|Any CPU.ActiveCfg = Release|Any CPU
		{48CADDEA-38E1-42FC-9BC0-B753E4296FE1}.Release|Any CPU.Build.0 = Release|Any CPU
		{48CADDEA-38E1-42FC-9BC0-B753E4296FE1}.Release|x86.ActiveCfg = Release|Any CPU
		{48CADDEA-38E1-42FC-9BC0-B753E4296FE1}.Release|x86.Build.0 = Release|Any CPU
		{91C24FEE-184A-402F-A0A5-22B1157BBE38}.Debug|Any CPU.ActiveCfg = Debug|Any CPU
		{91C24FEE-184A-402F-A0A5-22B1157BBE38}.Debug|Any CPU.Build.0 = Debug|Any CPU
		{91C24FEE-184A-402F-A0A5-22B1157BBE38}.Debug|x86.ActiveCfg = Debug|Any CPU
		{91C24FEE-184A-402F-A0A5-22B1157BBE38}.Debug|x86.Build.0 = Debug|Any CPU
		{91C24FEE-184A-402F-A0A5-22B1157BBE38}.Release|Any CPU.ActiveCfg = Release|Any CPU
		{91C24FEE-184A-402F-A0A5-22B1157BBE38}.Release|Any CPU.Build.0 = Release|Any CPU
		{91C24FEE-184A-402F-A0A5-22B1157BBE38}.Release|x86.ActiveCfg = Release|Any CPU
		{91C24FEE-184A-402F-A0A5-22B1157BBE38}.Release|x86.Build.0 = Release|Any CPU
	EndGlobalSection
	GlobalSection(SolutionProperties) = preSolution
		HideSolutionNode = FALSE
	EndGlobalSection
	GlobalSection(ExtensibilityGlobals) = postSolution
		SolutionGuid = {B04D6065-4113-409A-9676-C3880C7A91D0}
	EndGlobalSection
EndGlobal
